
Microsoft Visual Studio Solution File, Format Version 12.00
# Visual Studio Version 17
VisualStudioVersion = 17.9.34701.34
MinimumVisualStudioVersion = 10.0.40219.1
Project("{9A19103F-16F7-4668-BE54-9A1E7A4F7556}") = "wsScreen", "wsScreen\wsScreen.csproj", "{4DC248B9-3556-4A2D-B39E-FF132DEB206C}"
EndProject
Project("{9A19103F-16F7-4668-BE54-9A1E7A4F7556}") = "wsScreen.Android", "wsScreen.Android\wsScreen.Android.csproj", "{F504B097-0635-4580-8B4E-5F4E537C3D86}"
EndProject
Project("{9A19103F-16F7-4668-BE54-9A1E7A4F7556}") = "wsScreen.Desktop", "wsScreen.Desktop\wsScreen.Desktop.csproj", "{04697BC0-C543-4480-88F8-B83D46BA7AEA}"
EndProject
Project("{FAE04EC0-301F-11D3-BF4B-00C04F79EFBC}") = "Server", "Server\Server.csproj", "{DF97E6F0-9925-4F65-9E9E-19259BB469CF}"
EndProject
Global
	GlobalSection(SolutionConfigurationPlatforms) = preSolution
		Debug|Any CPU = Debug|Any CPU
		Release|Any CPU = Release|Any CPU
	EndGlobalSection
	GlobalSection(ProjectConfigurationPlatforms) = postSolution
		{4DC248B9-3556-4A2D-B39E-FF132DEB206C}.Debug|Any CPU.ActiveCfg = Debug|Any CPU
		{4DC248B9-3556-4A2D-B39E-FF132DEB206C}.Debug|Any CPU.Build.0 = Debug|Any CPU
		{4DC248B9-3556-4A2D-B39E-FF132DEB206C}.Release|Any CPU.ActiveCfg = Release|Any CPU
		{4DC248B9-3556-4A2D-B39E-FF132DEB206C}.Release|Any CPU.Build.0 = Release|Any CPU
		{F504B097-0635-4580-8B4E-5F4E537C3D86}.Debug|Any CPU.ActiveCfg = Debug|Any CPU
		{F504B097-0635-4580-8B4E-5F4E537C3D86}.Debug|Any CPU.Build.0 = Debug|Any CPU
		{F504B097-0635-4580-8B4E-5F4E537C3D86}.Debug|Any CPU.Deploy.0 = Debug|Any CPU
		{F504B097-0635-4580-8B4E-5F4E537C3D86}.Release|Any CPU.ActiveCfg = Release|Any CPU
		{F504B097-0635-4580-8B4E-5F4E537C3D86}.Release|Any CPU.Build.0 = Release|Any CPU
		{F504B097-0635-4580-8B4E-5F4E537C3D86}.Release|Any CPU.Deploy.0 = Release|Any CPU
		{04697BC0-C543-4480-88F8-B83D46BA7AEA}.Debug|Any CPU.ActiveCfg = Debug|Any CPU
		{04697BC0-C543-4480-88F8-B83D46BA7AEA}.Debug|Any CPU.Build.0 = Debug|Any CPU
		{04697BC0-C543-4480-88F8-B83D46BA7AEA}.Release|Any CPU.ActiveCfg = Release|Any CPU
		{04697BC0-C543-4480-88F8-B83D46BA7AEA}.Release|Any CPU.Build.0 = Release|Any CPU
		{DF97E6F0-9925-4F65-9E9E-19259BB469CF}.Debug|Any CPU.ActiveCfg = Debug|Any CPU
		{DF97E6F0-9925-4F65-9E9E-19259BB469CF}.Debug|Any CPU.Build.0 = Debug|Any CPU
		{DF97E6F0-9925-4F65-9E9E-19259BB469CF}.Release|Any CPU.ActiveCfg = Release|Any CPU
		{DF97E6F0-9925-4F65-9E9E-19259BB469CF}.Release|Any CPU.Build.0 = Release|Any CPU
	EndGlobalSection
	GlobalSection(SolutionProperties) = preSolution
		HideSolutionNode = FALSE
	EndGlobalSection
	GlobalSection(ExtensibilityGlobals) = postSolution
		SolutionGuid = {511C158B-349F-4A92-8214-E36BC446894C}
	EndGlobalSection
EndGlobal
